
Microsoft Visual Studio Solution File, Format Version 12.00
# Visual Studio Version 17
VisualStudioVersion = 17.5.33424.131
MinimumVisualStudioVersion = 10.0.40219.1
Project("{FAE04EC0-301F-11D3-BF4B-00C04F79EFBC}") = "if else switch", "if else switch\if else switch.csproj", "{B4518F9B-52EF-4323-9667-2408A6BB9F70}"
EndProject
Global
	GlobalSection(SolutionConfigurationPlatforms) = preSolution
		Debug|Any CPU = Debug|Any CPU
		Release|Any CPU = Release|Any CPU
	EndGlobalSection
	GlobalSection(ProjectConfigurationPlatforms) = postSolution
		{B4518F9B-52EF-4323-9667-2408A6BB9F70}.Debug|Any CPU.ActiveCfg = Debug|Any CPU
		{B4518F9B-52EF-4323-9667-2408A6BB9F70}.Debug|Any CPU.Build.0 = Debug|Any CPU
		{B4518F9B-52EF-4323-9667-2408A6BB9F70}.Release|Any CPU.ActiveCfg = Release|Any CPU
		{B4518F9B-52EF-4323-9667-2408A6BB9F70}.Release|Any CPU.Build.0 = Release|Any CPU
	EndGlobalSection
	GlobalSection(SolutionProperties) = preSolution
		HideSolutionNode = FALSE
	EndGlobalSection
	GlobalSection(ExtensibilityGlobals) = postSolution
		SolutionGuid = {A955F2AC-7089-4FE8-9CA5-79E1A16569D8}
	EndGlobalSection
EndGlobal
