
Microsoft Visual Studio Solution File, Format Version 12.00
# Visual Studio Version 17
VisualStudioVersion = 17.5.33530.505
MinimumVisualStudioVersion = 10.0.40219.1
Project("{FAE04EC0-301F-11D3-BF4B-00C04F79EFBC}") = "ppUke4Kopi", "ppUke4Kopi\ppUke4Kopi.csproj", "{CA5F68BD-7053-4901-B0E6-10E1862423D0}"
EndProject
Global
	GlobalSection(SolutionConfigurationPlatforms) = preSolution
		Debug|Any CPU = Debug|Any CPU
		Release|Any CPU = Release|Any CPU
	EndGlobalSection
	GlobalSection(ProjectConfigurationPlatforms) = postSolution
		{CA5F68BD-7053-4901-B0E6-10E1862423D0}.Debug|Any CPU.ActiveCfg = Debug|Any CPU
		{CA5F68BD-7053-4901-B0E6-10E1862423D0}.Debug|Any CPU.Build.0 = Debug|Any CPU
		{CA5F68BD-7053-4901-B0E6-10E1862423D0}.Release|Any CPU.ActiveCfg = Release|Any CPU
		{CA5F68BD-7053-4901-B0E6-10E1862423D0}.Release|Any CPU.Build.0 = Release|Any CPU
	EndGlobalSection
	GlobalSection(SolutionProperties) = preSolution
		HideSolutionNode = FALSE
	EndGlobalSection
	GlobalSection(ExtensibilityGlobals) = postSolution
		SolutionGuid = {925D5C7B-72BC-459B-BDAF-A91D973570D1}
	EndGlobalSection
EndGlobal
