
Microsoft Visual Studio Solution File, Format Version 12.00
# Visual Studio Version 17
VisualStudioVersion = 17.5.33516.290
MinimumVisualStudioVersion = 10.0.40219.1
Project("{FAE04EC0-301F-11D3-BF4B-00C04F79EFBC}") = "PPUKE3", "PPUKE3\PPUKE3.csproj", "{79C948B3-6A24-4F30-BE62-55077421F6B3}"
EndProject
Global
	GlobalSection(SolutionConfigurationPlatforms) = preSolution
		Debug|Any CPU = Debug|Any CPU
		Release|Any CPU = Release|Any CPU
	EndGlobalSection
	GlobalSection(ProjectConfigurationPlatforms) = postSolution
		{79C948B3-6A24-4F30-BE62-55077421F6B3}.Debug|Any CPU.ActiveCfg = Debug|Any CPU
		{79C948B3-6A24-4F30-BE62-55077421F6B3}.Debug|Any CPU.Build.0 = Debug|Any CPU
		{79C948B3-6A24-4F30-BE62-55077421F6B3}.Release|Any CPU.ActiveCfg = Release|Any CPU
		{79C948B3-6A24-4F30-BE62-55077421F6B3}.Release|Any CPU.Build.0 = Release|Any CPU
	EndGlobalSection
	GlobalSection(SolutionProperties) = preSolution
		HideSolutionNode = FALSE
	EndGlobalSection
	GlobalSection(ExtensibilityGlobals) = postSolution
		SolutionGuid = {4A49FC9B-A7E3-421F-86C7-9306CE6841ED}
	EndGlobalSection
EndGlobal
